
Microsoft Visual Studio Solution File, Format Version 12.00
# Visual Studio Version 17
VisualStudioVersion = 17.2.32630.192
MinimumVisualStudioVersion = 10.0.40219.1
Project("{9A19103F-16F7-4668-BE54-9A1E7A4F7556}") = "R5T.Z0042.Construction", "R5T.Z0042.Construction\R5T.Z0042.Construction.csproj", "{FDD12756-801E-4C3D-89F7-FF58767FD21B}"
EndProject
Project("{9A19103F-16F7-4668-BE54-9A1E7A4F7556}") = "R5T.Z0042", "R5T.Z0042\R5T.Z0042.csproj", "{1802DBF0-42BB-405E-8F54-E43E56D4CEBF}"
EndProject
Project("{2150E333-8FDC-42A3-9474-1A3956D46DE8}") = "_Dependencies", "_Dependencies", "{BF256501-9EA0-4248-B592-B4D10CA7802D}"
EndProject
Project("{9A19103F-16F7-4668-BE54-9A1E7A4F7556}") = "R5T.T0132", "..\..\R5T.T0132\source\R5T.T0132\R5T.T0132.csproj", "{293F146F-9B80-44AE-B427-12B764965343}"
EndProject
Project("{9A19103F-16F7-4668-BE54-9A1E7A4F7556}") = "R5T.T0143", "..\..\R5T.T0143\source\R5T.T0143\R5T.T0143.csproj", "{7F2EE98D-05AB-4742-8D47-54C8DB8BBF23}"
EndProject
Project("{9A19103F-16F7-4668-BE54-9A1E7A4F7556}") = "R5T.T0178", "..\..\R5T.T0178\source\R5T.T0178\R5T.T0178.csproj", "{40571B8E-AD46-4721-8002-66D9A82FD222}"
EndProject
Project("{9A19103F-16F7-4668-BE54-9A1E7A4F7556}") = "R5T.T0179", "..\..\R5T.T0179\source\R5T.T0179\R5T.T0179.csproj", "{C355293A-946E-4CBC-A6A0-C09139DC7F5E}"
EndProject
Project("{9A19103F-16F7-4668-BE54-9A1E7A4F7556}") = "R5T.T0184", "..\..\R5T.T0184\source\R5T.T0184\R5T.T0184.csproj", "{3EF363BA-04FA-440C-9201-6D8B682C5063}"
EndProject
Project("{9A19103F-16F7-4668-BE54-9A1E7A4F7556}") = "R5T.T0131", "..\..\R5T.T0131\source\R5T.T0131\R5T.T0131.csproj", "{FBC3FEB2-3D28-47D8-8630-5C5DE22CB63E}"
EndProject
Project("{9A19103F-16F7-4668-BE54-9A1E7A4F7556}") = "R5T.Z0014", "..\..\R5T.Z0014\source\R5T.Z0014\R5T.Z0014.csproj", "{041736F6-C95F-4C9D-8490-9339407D0600}"
EndProject
Project("{9A19103F-16F7-4668-BE54-9A1E7A4F7556}") = "R5T.T0185", "..\..\R5T.T0185\source\R5T.T0185\R5T.T0185.csproj", "{6B2B1FFD-9CE2-49D1-B21B-D62746F6EF75}"
EndProject
Project("{9A19103F-16F7-4668-BE54-9A1E7A4F7556}") = "R5T.T0186", "..\..\R5T.T0186\source\R5T.T0186\R5T.T0186.csproj", "{28D55C60-7A73-469E-896D-8C2882D53470}"
EndProject
Global
	GlobalSection(NestedProjects) = preSolution
		{293F146F-9B80-44AE-B427-12B764965343} = {BF256501-9EA0-4248-B592-B4D10CA7802D}
		{7F2EE98D-05AB-4742-8D47-54C8DB8BBF23} = {BF256501-9EA0-4248-B592-B4D10CA7802D}
		{40571B8E-AD46-4721-8002-66D9A82FD222} = {BF256501-9EA0-4248-B592-B4D10CA7802D}
		{C355293A-946E-4CBC-A6A0-C09139DC7F5E} = {BF256501-9EA0-4248-B592-B4D10CA7802D}
		{3EF363BA-04FA-440C-9201-6D8B682C5063} = {BF256501-9EA0-4248-B592-B4D10CA7802D}
		{FBC3FEB2-3D28-47D8-8630-5C5DE22CB63E} = {BF256501-9EA0-4248-B592-B4D10CA7802D}
		{041736F6-C95F-4C9D-8490-9339407D0600} = {BF256501-9EA0-4248-B592-B4D10CA7802D}
		{6B2B1FFD-9CE2-49D1-B21B-D62746F6EF75} = {BF256501-9EA0-4248-B592-B4D10CA7802D}
		{28D55C60-7A73-469E-896D-8C2882D53470} = {BF256501-9EA0-4248-B592-B4D10CA7802D}
	EndGlobalSection
	GlobalSection(SolutionConfigurationPlatforms) = preSolution
		Debug|Any CPU = Debug|Any CPU
		Release|Any CPU = Release|Any CPU
	EndGlobalSection
	GlobalSection(ProjectConfigurationPlatforms) = postSolution
		{FDD12756-801E-4C3D-89F7-FF58767FD21B}.Debug|Any CPU.ActiveCfg = Debug|Any CPU
		{FDD12756-801E-4C3D-89F7-FF58767FD21B}.Debug|Any CPU.Build.0 = Debug|Any CPU
		{FDD12756-801E-4C3D-89F7-FF58767FD21B}.Release|Any CPU.ActiveCfg = Release|Any CPU
		{FDD12756-801E-4C3D-89F7-FF58767FD21B}.Release|Any CPU.Build.0 = Release|Any CPU
		{1802DBF0-42BB-405E-8F54-E43E56D4CEBF}.Debug|Any CPU.ActiveCfg = Debug|Any CPU
		{1802DBF0-42BB-405E-8F54-E43E56D4CEBF}.Debug|Any CPU.Build.0 = Debug|Any CPU
		{1802DBF0-42BB-405E-8F54-E43E56D4CEBF}.Release|Any CPU.ActiveCfg = Release|Any CPU
		{1802DBF0-42BB-405E-8F54-E43E56D4CEBF}.Release|Any CPU.Build.0 = Release|Any CPU
		{293F146F-9B80-44AE-B427-12B764965343}.Debug|Any CPU.ActiveCfg = Debug|Any CPU
		{293F146F-9B80-44AE-B427-12B764965343}.Debug|Any CPU.Build.0 = Debug|Any CPU
		{293F146F-9B80-44AE-B427-12B764965343}.Release|Any CPU.ActiveCfg = Release|Any CPU
		{293F146F-9B80-44AE-B427-12B764965343}.Release|Any CPU.Build.0 = Release|Any CPU
		{7F2EE98D-05AB-4742-8D47-54C8DB8BBF23}.Debug|Any CPU.ActiveCfg = Debug|Any CPU
		{7F2EE98D-05AB-4742-8D47-54C8DB8BBF23}.Debug|Any CPU.Build.0 = Debug|Any CPU
		{7F2EE98D-05AB-4742-8D47-54C8DB8BBF23}.Release|Any CPU.ActiveCfg = Release|Any CPU
		{7F2EE98D-05AB-4742-8D47-54C8DB8BBF23}.Release|Any CPU.Build.0 = Release|Any CPU
		{40571B8E-AD46-4721-8002-66D9A82FD222}.Debug|Any CPU.ActiveCfg = Debug|Any CPU
		{40571B8E-AD46-4721-8002-66D9A82FD222}.Debug|Any CPU.Build.0 = Debug|Any CPU
		{40571B8E-AD46-4721-8002-66D9A82FD222}.Release|Any CPU.ActiveCfg = Release|Any CPU
		{40571B8E-AD46-4721-8002-66D9A82FD222}.Release|Any CPU.Build.0 = Release|Any CPU
		{C355293A-946E-4CBC-A6A0-C09139DC7F5E}.Debug|Any CPU.ActiveCfg = Debug|Any CPU
		{C355293A-946E-4CBC-A6A0-C09139DC7F5E}.Debug|Any CPU.Build.0 = Debug|Any CPU
		{C355293A-946E-4CBC-A6A0-C09139DC7F5E}.Release|Any CPU.ActiveCfg = Release|Any CPU
		{C355293A-946E-4CBC-A6A0-C09139DC7F5E}.Release|Any CPU.Build.0 = Release|Any CPU
		{3EF363BA-04FA-440C-9201-6D8B682C5063}.Debug|Any CPU.ActiveCfg = Debug|Any CPU
		{3EF363BA-04FA-440C-9201-6D8B682C5063}.Debug|Any CPU.Build.0 = Debug|Any CPU
		{3EF363BA-04FA-440C-9201-6D8B682C5063}.Release|Any CPU.ActiveCfg = Release|Any CPU
		{3EF363BA-04FA-440C-9201-6D8B682C5063}.Release|Any CPU.Build.0 = Release|Any CPU
		{FBC3FEB2-3D28-47D8-8630-5C5DE22CB63E}.Debug|Any CPU.ActiveCfg = Debug|Any CPU
		{FBC3FEB2-3D28-47D8-8630-5C5DE22CB63E}.Debug|Any CPU.Build.0 = Debug|Any CPU
		{FBC3FEB2-3D28-47D8-8630-5C5DE22CB63E}.Release|Any CPU.ActiveCfg = Release|Any CPU
		{FBC3FEB2-3D28-47D8-8630-5C5DE22CB63E}.Release|Any CPU.Build.0 = Release|Any CPU
		{041736F6-C95F-4C9D-8490-9339407D0600}.Debug|Any CPU.ActiveCfg = Debug|Any CPU
		{041736F6-C95F-4C9D-8490-9339407D0600}.Debug|Any CPU.Build.0 = Debug|Any CPU
		{041736F6-C95F-4C9D-8490-9339407D0600}.Release|Any CPU.ActiveCfg = Release|Any CPU
		{041736F6-C95F-4C9D-8490-9339407D0600}.Release|Any CPU.Build.0 = Release|Any CPU
		{6B2B1FFD-9CE2-49D1-B21B-D62746F6EF75}.Debug|Any CPU.ActiveCfg = Debug|Any CPU
		{6B2B1FFD-9CE2-49D1-B21B-D62746F6EF75}.Debug|Any CPU.Build.0 = Debug|Any CPU
		{6B2B1FFD-9CE2-49D1-B21B-D62746F6EF75}.Release|Any CPU.ActiveCfg = Release|Any CPU
		{6B2B1FFD-9CE2-49D1-B21B-D62746F6EF75}.Release|Any CPU.Build.0 = Release|Any CPU
		{28D55C60-7A73-469E-896D-8C2882D53470}.Debug|Any CPU.ActiveCfg = Debug|Any CPU
		{28D55C60-7A73-469E-896D-8C2882D53470}.Debug|Any CPU.Build.0 = Debug|Any CPU
		{28D55C60-7A73-469E-896D-8C2882D53470}.Release|Any CPU.ActiveCfg = Release|Any CPU
		{28D55C60-7A73-469E-896D-8C2882D53470}.Release|Any CPU.Build.0 = Release|Any CPU
	EndGlobalSection
	GlobalSection(SolutionProperties) = preSolution
		HideSolutionNode = FALSE
	EndGlobalSection
	GlobalSection(ExtensibilityGlobals) = postSolution
		SolutionGuid = {A19A54BF-F9BD-43F0-8E43-C57797A29C48}
	EndGlobalSection
EndGlobal
